
Microsoft Visual Studio Solution File, Format Version 12.00
# Visual Studio Version 16
VisualStudioVersion = 16.0.31019.35
MinimumVisualStudioVersion = 10.0.40219.1
Project("{FAE04EC0-301F-11D3-BF4B-00C04F79EFBC}") = "MonsterLoader", "JotunnModStub\MonsterLoader.csproj", "{DEAF4438-8089-40ED-8175-398E1261D45B}"
EndProject
Project("{FAE04EC0-301F-11D3-BF4B-00C04F79EFBC}") = "WereWolves", "WereWolves\WereWolves.csproj", "{7CA45AC0-C588-421D-9D20-E67F6B6524BE}"
EndProject
Project("{FAE04EC0-301F-11D3-BF4B-00C04F79EFBC}") = "Wendigo", "Wendigo\Wendigo.csproj", "{2F7EC967-8E35-4128-AEB6-C3085BCF8B81}"
EndProject
Project("{FAE04EC0-301F-11D3-BF4B-00C04F79EFBC}") = "Yeti", "Yeti\Yeti.csproj", "{AF258EEF-DFF1-44D8-9789-2B62FEAE70EF}"
EndProject
Project("{FAE04EC0-301F-11D3-BF4B-00C04F79EFBC}") = "WereBear", "WereBear\WereBear.csproj", "{2C22A84F-3FAA-4561-9F86-8A22E1537284}"
EndProject
Project("{FAE04EC0-301F-11D3-BF4B-00C04F79EFBC}") = "Wizard", "Wizard\Wizard.csproj", "{28B4F6E1-5AAB-4BC4-B860-B143FFAD96C9}"
EndProject
Project("{FAE04EC0-301F-11D3-BF4B-00C04F79EFBC}") = "Crawler", "Crawler\Crawler.csproj", "{88BCFB2E-3BDC-4BE5-A8D2-8048C647C77A}"
EndProject
Project("{FAE04EC0-301F-11D3-BF4B-00C04F79EFBC}") = "Golem", "Golem\Golem.csproj", "{7B15F774-35F8-40BC-A001-50CC85EB46F6}"
EndProject
Project("{FAE04EC0-301F-11D3-BF4B-00C04F79EFBC}") = "Reaper", "Reaper\Reaper.csproj", "{5F53135D-FB41-47AE-980A-53A587EABE7C}"
EndProject
Project("{FAE04EC0-301F-11D3-BF4B-00C04F79EFBC}") = "MonoBehaviourRepository", "MonoBehaviourRepository\MonoBehaviourRepository.csproj", "{2CE90835-7B35-431C-9267-5C42DB402377}"
EndProject
Global
	GlobalSection(SolutionConfigurationPlatforms) = preSolution
		Debug|Any CPU = Debug|Any CPU
		Release|Any CPU = Release|Any CPU
	EndGlobalSection
	GlobalSection(ProjectConfigurationPlatforms) = postSolution
		{DEAF4438-8089-40ED-8175-398E1261D45B}.Debug|Any CPU.ActiveCfg = Debug|Any CPU
		{DEAF4438-8089-40ED-8175-398E1261D45B}.Release|Any CPU.ActiveCfg = Release|Any CPU
		{DEAF4438-8089-40ED-8175-398E1261D45B}.Release|Any CPU.Build.0 = Release|Any CPU
		{7CA45AC0-C588-421D-9D20-E67F6B6524BE}.Debug|Any CPU.ActiveCfg = Debug|Any CPU
		{7CA45AC0-C588-421D-9D20-E67F6B6524BE}.Debug|Any CPU.Build.0 = Debug|Any CPU
		{7CA45AC0-C588-421D-9D20-E67F6B6524BE}.Release|Any CPU.ActiveCfg = Release|Any CPU
		{7CA45AC0-C588-421D-9D20-E67F6B6524BE}.Release|Any CPU.Build.0 = Release|Any CPU
		{2F7EC967-8E35-4128-AEB6-C3085BCF8B81}.Debug|Any CPU.ActiveCfg = Debug|Any CPU
		{2F7EC967-8E35-4128-AEB6-C3085BCF8B81}.Debug|Any CPU.Build.0 = Debug|Any CPU
		{2F7EC967-8E35-4128-AEB6-C3085BCF8B81}.Release|Any CPU.ActiveCfg = Release|Any CPU
		{2F7EC967-8E35-4128-AEB6-C3085BCF8B81}.Release|Any CPU.Build.0 = Release|Any CPU
		{AF258EEF-DFF1-44D8-9789-2B62FEAE70EF}.Debug|Any CPU.ActiveCfg = Debug|Any CPU
		{AF258EEF-DFF1-44D8-9789-2B62FEAE70EF}.Debug|Any CPU.Build.0 = Debug|Any CPU
		{AF258EEF-DFF1-44D8-9789-2B62FEAE70EF}.Release|Any CPU.ActiveCfg = Release|Any CPU
		{AF258EEF-DFF1-44D8-9789-2B62FEAE70EF}.Release|Any CPU.Build.0 = Release|Any CPU
		{2C22A84F-3FAA-4561-9F86-8A22E1537284}.Debug|Any CPU.ActiveCfg = Debug|Any CPU
		{2C22A84F-3FAA-4561-9F86-8A22E1537284}.Debug|Any CPU.Build.0 = Debug|Any CPU
		{2C22A84F-3FAA-4561-9F86-8A22E1537284}.Release|Any CPU.ActiveCfg = Release|Any CPU
		{2C22A84F-3FAA-4561-9F86-8A22E1537284}.Release|Any CPU.Build.0 = Release|Any CPU
		{28B4F6E1-5AAB-4BC4-B860-B143FFAD96C9}.Debug|Any CPU.ActiveCfg = Debug|Any CPU
		{28B4F6E1-5AAB-4BC4-B860-B143FFAD96C9}.Debug|Any CPU.Build.0 = Debug|Any CPU
		{28B4F6E1-5AAB-4BC4-B860-B143FFAD96C9}.Release|Any CPU.ActiveCfg = Release|Any CPU
		{28B4F6E1-5AAB-4BC4-B860-B143FFAD96C9}.Release|Any CPU.Build.0 = Release|Any CPU
		{88BCFB2E-3BDC-4BE5-A8D2-8048C647C77A}.Debug|Any CPU.ActiveCfg = Debug|Any CPU
		{88BCFB2E-3BDC-4BE5-A8D2-8048C647C77A}.Debug|Any CPU.Build.0 = Debug|Any CPU
		{88BCFB2E-3BDC-4BE5-A8D2-8048C647C77A}.Release|Any CPU.ActiveCfg = Release|Any CPU
		{88BCFB2E-3BDC-4BE5-A8D2-8048C647C77A}.Release|Any CPU.Build.0 = Release|Any CPU
		{7B15F774-35F8-40BC-A001-50CC85EB46F6}.Debug|Any CPU.ActiveCfg = Debug|Any CPU
		{7B15F774-35F8-40BC-A001-50CC85EB46F6}.Debug|Any CPU.Build.0 = Debug|Any CPU
		{7B15F774-35F8-40BC-A001-50CC85EB46F6}.Release|Any CPU.ActiveCfg = Release|Any CPU
		{7B15F774-35F8-40BC-A001-50CC85EB46F6}.Release|Any CPU.Build.0 = Release|Any CPU
		{5F53135D-FB41-47AE-980A-53A587EABE7C}.Debug|Any CPU.ActiveCfg = Debug|Any CPU
		{5F53135D-FB41-47AE-980A-53A587EABE7C}.Debug|Any CPU.Build.0 = Debug|Any CPU
		{5F53135D-FB41-47AE-980A-53A587EABE7C}.Release|Any CPU.ActiveCfg = Release|Any CPU
		{5F53135D-FB41-47AE-980A-53A587EABE7C}.Release|Any CPU.Build.0 = Release|Any CPU
		{2CE90835-7B35-431C-9267-5C42DB402377}.Debug|Any CPU.ActiveCfg = Debug|Any CPU
		{2CE90835-7B35-431C-9267-5C42DB402377}.Debug|Any CPU.Build.0 = Debug|Any CPU
		{2CE90835-7B35-431C-9267-5C42DB402377}.Release|Any CPU.ActiveCfg = Release|Any CPU
		{2CE90835-7B35-431C-9267-5C42DB402377}.Release|Any CPU.Build.0 = Release|Any CPU
	EndGlobalSection
	GlobalSection(SolutionProperties) = preSolution
		HideSolutionNode = FALSE
	EndGlobalSection
	GlobalSection(ExtensibilityGlobals) = postSolution
		SolutionGuid = {04FA40AF-91D5-4CE8-92ED-7530C8DF0D5E}
	EndGlobalSection
EndGlobal
